{
  "name": "NXTGEN",
  "lockfileVersion": 3,
  "requires": true,
  "packages": {
    "": {
      "dependencies": {
        "pushin": "^6.0.1",
        "textify.js": "^2.4.3"
      }
    },
    "node_modules/pushin": {
      "version": "6.0.1",
      "resolved": "https://registry.npmjs.org/pushin/-/pushin-6.0.1.tgz",
      "integrity": "sha512-+MwmnObtH6eBgXpXhqCoMqeFlp35/arP7ka4/yGEqkQ3tgzlkkppEUkC4dKnZXHPeG4I8JZqB774xydAOvA9pA==",
      "hasInstallScript": true,
      "engines": {
        "node": ">= 16.0.0"
      }
    },
    "node_modules/textify.js": {
      "version": "2.4.3",
      "resolved": "https://registry.npmjs.org/textify.js/-/textify.js-2.4.3.tgz",
      "integrity": "sha512-gn9pCbNzgz2vU+nWXbAzA6GioNGmm5tDD6fnXMTrcyyIOrRkFfwqNttsXgxBmMcILQ7MaKVwt2rTFJP6z2h8sA=="
    }
  }
}
